
Microsoft Visual Studio Solution File, Format Version 12.00
# Visual Studio Version 17
VisualStudioVersion = 17.11.35327.3
MinimumVisualStudioVersion = 10.0.40219.1
Project("{9A19103F-16F7-4668-BE54-9A1E7A4F7556}") = "BlazorApp", "BlazorApp\BlazorApp\BlazorApp.csproj", "{F4CB911B-B921-4493-9FF8-B986F8BDF10B}"
EndProject
Project("{9A19103F-16F7-4668-BE54-9A1E7A4F7556}") = "BlazorApp.Client", "BlazorApp\BlazorApp.Client\BlazorApp.Client.csproj", "{EC378D77-C32E-4037-9516-03E57A6D8D78}"
EndProject
Global
	GlobalSection(SolutionConfigurationPlatforms) = preSolution
		Debug|Any CPU = Debug|Any CPU
		Release|Any CPU = Release|Any CPU
	EndGlobalSection
	GlobalSection(ProjectConfigurationPlatforms) = postSolution
		{F4CB911B-B921-4493-9FF8-B986F8BDF10B}.Debug|Any CPU.ActiveCfg = Debug|Any CPU
		{F4CB911B-B921-4493-9FF8-B986F8BDF10B}.Debug|Any CPU.Build.0 = Debug|Any CPU
		{F4CB911B-B921-4493-9FF8-B986F8BDF10B}.Release|Any CPU.ActiveCfg = Release|Any CPU
		{F4CB911B-B921-4493-9FF8-B986F8BDF10B}.Release|Any CPU.Build.0 = Release|Any CPU
		{EC378D77-C32E-4037-9516-03E57A6D8D78}.Debug|Any CPU.ActiveCfg = Debug|Any CPU
		{EC378D77-C32E-4037-9516-03E57A6D8D78}.Debug|Any CPU.Build.0 = Debug|Any CPU
		{EC378D77-C32E-4037-9516-03E57A6D8D78}.Release|Any CPU.ActiveCfg = Release|Any CPU
		{EC378D77-C32E-4037-9516-03E57A6D8D78}.Release|Any CPU.Build.0 = Release|Any CPU
	EndGlobalSection
	GlobalSection(SolutionProperties) = preSolution
		HideSolutionNode = FALSE
	EndGlobalSection
	GlobalSection(ExtensibilityGlobals) = postSolution
		SolutionGuid = {E95C8E08-8249-4824-9C11-BD462BD4872A}
	EndGlobalSection
EndGlobal
